
Microsoft Visual Studio Solution File, Format Version 12.00
# Visual Studio Version 17
VisualStudioVersion = 17.12.35527.113 d17.12
MinimumVisualStudioVersion = 10.0.40219.1
Project("{2150E333-8FDC-42A3-9474-1A3956D46DE8}") = "src", "src", "{F0CB4E07-C71A-4BF7-B5D1-A9C71776A5E0}"
EndProject
Project("{FAE04EC0-301F-11D3-BF4B-00C04F79EFBC}") = "Api", "Api\Api.csproj", "{C096DDCB-C5DA-46AD-9BFD-1A9CC5D30073}"
	ProjectSection(ProjectDependencies) = postProject
		{945E2942-4EAB-4793-8D0D-D9F8234EBC3D} = {945E2942-4EAB-4793-8D0D-D9F8234EBC3D}
	EndProjectSection
EndProject
Project("{FAE04EC0-301F-11D3-BF4B-00C04F79EFBC}") = "Application", "Application\Application.csproj", "{945E2942-4EAB-4793-8D0D-D9F8234EBC3D}"
	ProjectSection(ProjectDependencies) = postProject
		{2211C1C9-689B-49A4-828D-6E35F54B7AE0} = {2211C1C9-689B-49A4-828D-6E35F54B7AE0}
	EndProjectSection
EndProject
Project("{FAE04EC0-301F-11D3-BF4B-00C04F79EFBC}") = "Infrastructure", "Infrastructure\Infrastructure.csproj", "{364AA17C-21BC-4EBE-BA61-F8B7BB63D9FE}"
	ProjectSection(ProjectDependencies) = postProject
		{2211C1C9-689B-49A4-828D-6E35F54B7AE0} = {2211C1C9-689B-49A4-828D-6E35F54B7AE0}
	EndProjectSection
EndProject
Project("{FAE04EC0-301F-11D3-BF4B-00C04F79EFBC}") = "Domain", "Domain\Domain.csproj", "{2211C1C9-689B-49A4-828D-6E35F54B7AE0}"
EndProject
Project("{2150E333-8FDC-42A3-9474-1A3956D46DE8}") = "tests", "tests", "{F96E62F2-20D9-4CE1-BBE4-9D66FE217764}"
EndProject
Project("{FAE04EC0-301F-11D3-BF4B-00C04F79EFBC}") = "Application.UnitTests", "Application.UnitTests\Application.UnitTests.csproj", "{DBEADED1-CD66-423E-BA60-83A3A6CD70A1}"
EndProject
Project("{2150E333-8FDC-42A3-9474-1A3956D46DE8}") = "docs", "docs", "{34B34591-469A-4883-BED1-B014B8AC6BED}"
EndProject
Global
	GlobalSection(SolutionConfigurationPlatforms) = preSolution
		Debug|Any CPU = Debug|Any CPU
		Release|Any CPU = Release|Any CPU
	EndGlobalSection
	GlobalSection(ProjectConfigurationPlatforms) = postSolution
		{C096DDCB-C5DA-46AD-9BFD-1A9CC5D30073}.Debug|Any CPU.ActiveCfg = Debug|Any CPU
		{C096DDCB-C5DA-46AD-9BFD-1A9CC5D30073}.Debug|Any CPU.Build.0 = Debug|Any CPU
		{C096DDCB-C5DA-46AD-9BFD-1A9CC5D30073}.Release|Any CPU.ActiveCfg = Release|Any CPU
		{C096DDCB-C5DA-46AD-9BFD-1A9CC5D30073}.Release|Any CPU.Build.0 = Release|Any CPU
		{945E2942-4EAB-4793-8D0D-D9F8234EBC3D}.Debug|Any CPU.ActiveCfg = Debug|Any CPU
		{945E2942-4EAB-4793-8D0D-D9F8234EBC3D}.Debug|Any CPU.Build.0 = Debug|Any CPU
		{945E2942-4EAB-4793-8D0D-D9F8234EBC3D}.Release|Any CPU.ActiveCfg = Release|Any CPU
		{945E2942-4EAB-4793-8D0D-D9F8234EBC3D}.Release|Any CPU.Build.0 = Release|Any CPU
		{364AA17C-21BC-4EBE-BA61-F8B7BB63D9FE}.Debug|Any CPU.ActiveCfg = Debug|Any CPU
		{364AA17C-21BC-4EBE-BA61-F8B7BB63D9FE}.Debug|Any CPU.Build.0 = Debug|Any CPU
		{364AA17C-21BC-4EBE-BA61-F8B7BB63D9FE}.Release|Any CPU.ActiveCfg = Release|Any CPU
		{364AA17C-21BC-4EBE-BA61-F8B7BB63D9FE}.Release|Any CPU.Build.0 = Release|Any CPU
		{2211C1C9-689B-49A4-828D-6E35F54B7AE0}.Debug|Any CPU.ActiveCfg = Debug|Any CPU
		{2211C1C9-689B-49A4-828D-6E35F54B7AE0}.Debug|Any CPU.Build.0 = Debug|Any CPU
		{2211C1C9-689B-49A4-828D-6E35F54B7AE0}.Release|Any CPU.ActiveCfg = Release|Any CPU
		{2211C1C9-689B-49A4-828D-6E35F54B7AE0}.Release|Any CPU.Build.0 = Release|Any CPU
		{DBEADED1-CD66-423E-BA60-83A3A6CD70A1}.Debug|Any CPU.ActiveCfg = Debug|Any CPU
		{DBEADED1-CD66-423E-BA60-83A3A6CD70A1}.Debug|Any CPU.Build.0 = Debug|Any CPU
		{DBEADED1-CD66-423E-BA60-83A3A6CD70A1}.Release|Any CPU.ActiveCfg = Release|Any CPU
		{DBEADED1-CD66-423E-BA60-83A3A6CD70A1}.Release|Any CPU.Build.0 = Release|Any CPU
	EndGlobalSection
	GlobalSection(SolutionProperties) = preSolution
		HideSolutionNode = FALSE
	EndGlobalSection
	GlobalSection(NestedProjects) = preSolution
		{C096DDCB-C5DA-46AD-9BFD-1A9CC5D30073} = {F0CB4E07-C71A-4BF7-B5D1-A9C71776A5E0}
		{945E2942-4EAB-4793-8D0D-D9F8234EBC3D} = {F0CB4E07-C71A-4BF7-B5D1-A9C71776A5E0}
		{364AA17C-21BC-4EBE-BA61-F8B7BB63D9FE} = {F0CB4E07-C71A-4BF7-B5D1-A9C71776A5E0}
		{2211C1C9-689B-49A4-828D-6E35F54B7AE0} = {F0CB4E07-C71A-4BF7-B5D1-A9C71776A5E0}
		{DBEADED1-CD66-423E-BA60-83A3A6CD70A1} = {F96E62F2-20D9-4CE1-BBE4-9D66FE217764}
	EndGlobalSection
EndGlobal
